// !$*UTF8*$!
{
	archiveVersion = 1;
	classes = {
	};
	objectVersion = 77;
	objects = {

/* Begin PBXContainerItemProxy section */
		CFD14ED72DC3D9E900B07D99 /* PBXContainerItemProxy */ = {
			isa = PBXContainerItemProxy;
			containerPortal = CFD14EB82DC3D9E600B07D99 /* Project object */;
			proxyType = 1;
			remoteGlobalIDString = CFD14EBF2DC3D9E600B07D99;
			remoteInfo = CiCDTesting;
		};
		CFD14EE12DC3D9E900B07D99 /* PBXContainerItemProxy */ = {
			isa = PBXContainerItemProxy;
			containerPortal = CFD14EB82DC3D9E600B07D99 /* Project object */;
			proxyType = 1;
			remoteGlobalIDString = CFD14EBF2DC3D9E600B07D99;
			remoteInfo = CiCDTesting;
		};
/* End PBXContainerItemProxy section */

/* Begin PBXFileReference section */
		CFD14EC02DC3D9E600B07D99 /* CiCDTesting.app */ = {isa = PBXFileReference; explicitFileType = wrapper.application; includeInIndex = 0; path = CiCDTesting.app; sourceTree = BUILT_PRODUCTS_DIR; };
		CFD14ED62DC3D9E900B07D99 /* CiCDTestingTests.xctest */ = {isa = PBXFileReference; explicitFileType = wrapper.cfbundle; includeInIndex = 0; path = CiCDTestingTests.xctest; sourceTree = BUILT_PRODUCTS_DIR; };
		CFD14EE02DC3D9E900B07D99 /* CiCDTestingUITests.xctest */ = {isa = PBXFileReference; explicitFileType = wrapper.cfbundle; includeInIndex = 0; path = CiCDTestingUITests.xctest; sourceTree = BUILT_PRODUCTS_DIR; };
/* End PBXFileReference section */

/* Begin PBXFileSystemSynchronizedBuildFileExceptionSet section */
		CFD14EE82DC3D9E900B07D99 /* Exceptions for "CiCDTesting" folder in "CiCDTesting" target */ = {
			isa = PBXFileSystemSynchronizedBuildFileExceptionSet;
			membershipExceptions = (
				Info.plist,
			);
			target = CFD14EBF2DC3D9E600B07D99 /* CiCDTesting */;
		};
/* End PBXFileSystemSynchronizedBuildFileExceptionSet section */

/* Begin PBXFileSystemSynchronizedRootGroup section */
		CFD14EC22DC3D9E600B07D99 /* CiCDTesting */ = {
			isa = PBXFileSystemSynchronizedRootGroup;
			exceptions = (
				CFD14EE82DC3D9E900B07D99 /* Exceptions for "CiCDTesting" folder in "CiCDTesting" target */,
			);
			path = CiCDTesting;
			sourceTree = "<group>";
		};
		CFD14ED92DC3D9E900B07D99 /* CiCDTestingTests */ = {
			isa = PBXFileSystemSynchronizedRootGroup;
			path = CiCDTestingTests;
			sourceTree = "<group>";
		};
		CFD14EE32DC3D9E900B07D99 /* CiCDTestingUITests */ = {
			isa = PBXFileSystemSynchronizedRootGroup;
			path = CiCDTestingUITests;
			sourceTree = "<group>";
		};
/* End PBXFileSystemSynchronizedRootGroup section */

/* Begin PBXFrameworksBuildPhase section */
		CFD14EBD2DC3D9E600B07D99 /* Frameworks */ = {
			isa = PBXFrameworksBuildPhase;
			buildActionMask = 2147483647;
			files = (
			);
			runOnlyForDeploymentPostprocessing = 0;
		};
		CFD14ED32DC3D9E900B07D99 /* Frameworks */ = {
			isa = PBXFrameworksBuildPhase;
			buildActionMask = 2147483647;
			files = (
			);
			runOnlyForDeploymentPostprocessing = 0;
		};
		CFD14EDD2DC3D9E900B07D99 /* Frameworks */ = {
			isa = PBXFrameworksBuildPhase;
			buildActionMask = 2147483647;
			files = (
			);
			runOnlyForDeploymentPostprocessing = 0;
		};
/* End PBXFrameworksBuildPhase section */

/* Begin PBXGroup section */
		CFD14EB72DC3D9E600B07D99 = {
			isa = PBXGroup;
			children = (
				CFD14EC22DC3D9E600B07D99 /* CiCDTesting */,
				CFD14ED92DC3D9E900B07D99 /* CiCDTestingTests */,
				CFD14EE32DC3D9E900B07D99 /* CiCDTestingUITests */,
				CFD14EC12DC3D9E600B07D99 /* Products */,
			);
			sourceTree = "<group>";
		};
		CFD14EC12DC3D9E600B07D99 /* Products */ = {
			isa = PBXGroup;
			children = (
				CFD14EC02DC3D9E600B07D99 /* CiCDTesting.app */,
				CFD14ED62DC3D9E900B07D99 /* CiCDTestingTests.xctest */,
				CFD14EE02DC3D9E900B07D99 /* CiCDTestingUITests.xctest */,
			);
			name = Products;
			sourceTree = "<group>";
		};
/* End PBXGroup section */

/* Begin PBXNativeTarget section */
		CFD14EBF2DC3D9E600B07D99 /* CiCDTesting */ = {
			isa = PBXNativeTarget;
			buildConfigurationList = CFD14EE92DC3D9E900B07D99 /* Build configuration list for PBXNativeTarget "CiCDTesting" */;
			buildPhases = (
				CFD14EBC2DC3D9E600B07D99 /* Sources */,
				CFD14EBD2DC3D9E600B07D99 /* Frameworks */,
				CFD14EBE2DC3D9E600B07D99 /* Resources */,
			);
			buildRules = (
			);
			dependencies = (
			);
			fileSystemSynchronizedGroups = (
				CFD14EC22DC3D9E600B07D99 /* CiCDTesting */,
			);
			name = CiCDTesting;
			packageProductDependencies = (
			);
			productName = CiCDTesting;
			productReference = CFD14EC02DC3D9E600B07D99 /* CiCDTesting.app */;
			productType = "com.apple.product-type.application";
		};
		CFD14ED52DC3D9E900B07D99 /* CiCDTestingTests */ = {
			isa = PBXNativeTarget;
			buildConfigurationList = CFD14EEE2DC3D9E900B07D99 /* Build configuration list for PBXNativeTarget "CiCDTestingTests" */;
			buildPhases = (
				CFD14ED22DC3D9E900B07D99 /* Sources */,
				CFD14ED32DC3D9E900B07D99 /* Frameworks */,
				CFD14ED42DC3D9E900B07D99 /* Resources */,
			);
			buildRules = (
			);
			dependencies = (
				CFD14ED82DC3D9E900B07D99 /* PBXTargetDependency */,
			);
			fileSystemSynchronizedGroups = (
				CFD14ED92DC3D9E900B07D99 /* CiCDTestingTests */,
			);
			name = CiCDTestingTests;
			packageProductDependencies = (
			);
			productName = CiCDTestingTests;
			productReference = CFD14ED62DC3D9E900B07D99 /* CiCDTestingTests.xctest */;
			productType = "com.apple.product-type.bundle.unit-test";
		};
		CFD14EDF2DC3D9E900B07D99 /* CiCDTestingUITests */ = {
			isa = PBXNativeTarget;
			buildConfigurationList = CFD14EF12DC3D9E900B07D99 /* Build configuration list for PBXNativeTarget "CiCDTestingUITests" */;
			buildPhases = (
				CFD14EDC2DC3D9E900B07D99 /* Sources */,
				CFD14EDD2DC3D9E900B07D99 /* Frameworks */,
				CFD14EDE2DC3D9E900B07D99 /* Resources */,
			);
			buildRules = (
			);
			dependencies = (
				CFD14EE22DC3D9E900B07D99 /* PBXTargetDependency */,
			);
			fileSystemSynchronizedGroups = (
				CFD14EE32DC3D9E900B07D99 /* CiCDTestingUITests */,
			);
			name = CiCDTestingUITests;
			packageProductDependencies = (
			);
			productName = CiCDTestingUITests;
			productReference = CFD14EE02DC3D9E900B07D99 /* CiCDTestingUITests.xctest */;
			productType = "com.apple.product-type.bundle.ui-testing";
		};
/* End PBXNativeTarget section */

/* Begin PBXProject section */
		CFD14EB82DC3D9E600B07D99 /* Project object */ = {
			isa = PBXProject;
			attributes = {
				BuildIndependentTargetsInParallel = 1;
				LastSwiftUpdateCheck = 1600;
				LastUpgradeCheck = 1600;
				TargetAttributes = {
					CFD14EBF2DC3D9E600B07D99 = {
						CreatedOnToolsVersion = 16.0;
					};
					CFD14ED52DC3D9E900B07D99 = {
						CreatedOnToolsVersion = 16.0;
						TestTargetID = CFD14EBF2DC3D9E600B07D99;
					};
					CFD14EDF2DC3D9E900B07D99 = {
						CreatedOnToolsVersion = 16.0;
						TestTargetID = CFD14EBF2DC3D9E600B07D99;
					};
				};
			};
			buildConfigurationList = CFD14EBB2DC3D9E600B07D99 /* Build configuration list for PBXProject "CiCDTesting" */;
			developmentRegion = en;
			hasScannedForEncodings = 0;
			knownRegions = (
				en,
				Base,
			);
			mainGroup = CFD14EB72DC3D9E600B07D99;
			minimizedProjectReferenceProxies = 1;
			preferredProjectObjectVersion = 77;
			productRefGroup = CFD14EC12DC3D9E600B07D99 /* Products */;
			projectDirPath = "";
			projectRoot = "";
			targets = (
				CFD14EBF2DC3D9E600B07D99 /* CiCDTesting */,
				CFD14ED52DC3D9E900B07D99 /* CiCDTestingTests */,
				CFD14EDF2DC3D9E900B07D99 /* CiCDTestingUITests */,
			);
		};
/* End PBXProject section */

/* Begin PBXResourcesBuildPhase section */
		CFD14EBE2DC3D9E600B07D99 /* Resources */ = {
			isa = PBXResourcesBuildPhase;
			buildActionMask = 2147483647;
			files = (
			);
			runOnlyForDeploymentPostprocessing = 0;
		};
		CFD14ED42DC3D9E900B07D99 /* Resources */ = {
			isa = PBXResourcesBuildPhase;
			buildActionMask = 2147483647;
			files = (
			);
			runOnlyForDeploymentPostprocessing = 0;
		};
		CFD14EDE2DC3D9E900B07D99 /* Resources */ = {
			isa = PBXResourcesBuildPhase;
			buildActionMask = 2147483647;
			files = (
			);
			runOnlyForDeploymentPostprocessing = 0;
		};
/* End PBXResourcesBuildPhase section */

/* Begin PBXSourcesBuildPhase section */
		CFD14EBC2DC3D9E600B07D99 /* Sources */ = {
			isa = PBXSourcesBuildPhase;
			buildActionMask = 2147483647;
			files = (
			);
			runOnlyForDeploymentPostprocessing = 0;
		};
		CFD14ED22DC3D9E900B07D99 /* Sources */ = {
			isa = PBXSourcesBuildPhase;
			buildActionMask = 2147483647;
			files = (
			);
			runOnlyForDeploymentPostprocessing = 0;
		};
		CFD14EDC2DC3D9E900B07D99 /* Sources */ = {
			isa = PBXSourcesBuildPhase;
			buildActionMask = 2147483647;
			files = (
			);
			runOnlyForDeploymentPostprocessing = 0;
		};
/* End PBXSourcesBuildPhase section */

/* Begin PBXTargetDependency section */
		CFD14ED82DC3D9E900B07D99 /* PBXTargetDependency */ = {
			isa = PBXTargetDependency;
			target = CFD14EBF2DC3D9E600B07D99 /* CiCDTesting */;
			targetProxy = CFD14ED72DC3D9E900B07D99 /* PBXContainerItemProxy */;
		};
		CFD14EE22DC3D9E900B07D99 /* PBXTargetDependency */ = {
			isa = PBXTargetDependency;
			target = CFD14EBF2DC3D9E600B07D99 /* CiCDTesting */;
			targetProxy = CFD14EE12DC3D9E900B07D99 /* PBXContainerItemProxy */;
		};
/* End PBXTargetDependency section */

/* Begin XCBuildConfiguration section */
		CFD14EEA2DC3D9E900B07D99 /* Debug */ = {
			isa = XCBuildConfiguration;
			buildSettings = {
				ASSETCATALOG_COMPILER_APPICON_NAME = AppIcon;
				ASSETCATALOG_COMPILER_GLOBAL_ACCENT_COLOR_NAME = AccentColor;
				CODE_SIGN_STYLE = Automatic;
				CURRENT_PROJECT_VERSION = 1;
				DEVELOPMENT_TEAM = L22FNZ3QX3;
				GENERATE_INFOPLIST_FILE = YES;
				INFOPLIST_FILE = CiCDTesting/Info.plist;
				INFOPLIST_KEY_UIApplicationSupportsIndirectInputEvents = YES;
				INFOPLIST_KEY_UILaunchStoryboardName = LaunchScreen;
				INFOPLIST_KEY_UIMainStoryboardFile = Main;
				INFOPLIST_KEY_UISupportedInterfaceOrientations_iPad = "UIInterfaceOrientationPortrait UIInterfaceOrientationPortraitUpsideDown UIInterfaceOrientationLandscapeLeft UIInterfaceOrientationLandscapeRight";
				INFOPLIST_KEY_UISupportedInterfaceOrientations_iPhone = "UIInterfaceOrientationPortrait UIInterfaceOrientationLandscapeLeft UIInterfaceOrientationLandscapeRight";
				LD_RUNPATH_SEARCH_PATHS = (
					"$(inherited)",
					"@executable_path/Frameworks",
				);
				MARKETING_VERSION = 1.0;
				PRODUCT_BUNDLE_IDENTIFIER = com.sunmi.demo.CiCDTesting;
				PRODUCT_NAME = "$(TARGET_NAME)";
				SWIFT_EMIT_LOC_STRINGS = YES;
				SWIFT_VERSION = 5.0;
				TARGETED_DEVICE_FAMILY = "1,2";
			};
			name = Debug;
		};
		CFD14EEB2DC3D9E900B07D99 /* Release */ = {
			isa = XCBuildConfiguration;
			buildSettings = {
				ASSETCATALOG_COMPILER_APPICON_NAME = AppIcon;
				ASSETCATALOG_COMPILER_GLOBAL_ACCENT_COLOR_NAME = AccentColor;
				CODE_SIGN_STYLE = Automatic;
				CURRENT_PROJECT_VERSION = 1;
				DEVELOPMENT_TEAM = L22FNZ3QX3;
				GENERATE_INFOPLIST_FILE = YES;
				INFOPLIST_FILE = CiCDTesting/Info.plist;
				INFOPLIST_KEY_UIApplicationSupportsIndirectInputEvents = YES;
				INFOPLIST_KEY_UILaunchStoryboardName = LaunchScreen;
				INFOPLIST_KEY_UIMainStoryboardFile = Main;
				INFOPLIST_KEY_UISupportedInterfaceOrientations_iPad = "UIInterfaceOrientationPortrait UIInterfaceOrientationPortraitUpsideDown UIInterfaceOrientationLandscapeLeft UIInterfaceOrientationLandscapeRight";
				INFOPLIST_KEY_UISupportedInterfaceOrientations_iPhone = "UIInterfaceOrientationPortrait UIInterfaceOrientationLandscapeLeft UIInterfaceOrientationLandscapeRight";
				LD_RUNPATH_SEARCH_PATHS = (
					"$(inherited)",
					"@executable_path/Frameworks",
				);
				MARKETING_VERSION = 1.0;
				PRODUCT_BUNDLE_IDENTIFIER = com.sunmi.demo.CiCDTesting;
				PRODUCT_NAME = "$(TARGET_NAME)";
				SWIFT_EMIT_LOC_STRINGS = YES;
				SWIFT_VERSION = 5.0;
				TARGETED_DEVICE_FAMILY = "1,2";
			};
			name = Release;
		};
		CFD14EEC2DC3D9E900B07D99 /* Debug */ = {
			isa = XCBuildConfiguration;
			buildSettings = {
				ALWAYS_SEARCH_USER_PATHS = NO;
				ASSETCATALOG_COMPILER_GENERATE_SWIFT_ASSET_SYMBOL_EXTENSIONS = YES;
				CLANG_ANALYZER_NONNULL = YES;
				CLANG_ANALYZER_NUMBER_OBJECT_CONVERSION = YES_AGGRESSIVE;
				CLANG_CXX_LANGUAGE_STANDARD = "gnu++20";
				CLANG_ENABLE_MODULES = YES;
				CLANG_ENABLE_OBJC_ARC = YES;
				CLANG_ENABLE_OBJC_WEAK = YES;
				CLANG_WARN_BLOCK_CAPTURE_AUTORELEASING = YES;
				CLANG_WARN_BOOL_CONVERSION = YES;
				CLANG_WARN_COMMA = YES;
				CLANG_WARN_CONSTANT_CONVERSION = YES;
				CLANG_WARN_DEPRECATED_OBJC_IMPLEMENTATIONS = YES;
				CLANG_WARN_DIRECT_OBJC_ISA_USAGE = YES_ERROR;
				CLANG_WARN_DOCUMENTATION_COMMENTS = YES;
				CLANG_WARN_EMPTY_BODY = YES;
				CLANG_WARN_ENUM_CONVERSION = YES;
				CLANG_WARN_INFINITE_RECURSION = YES;
				CLANG_WARN_INT_CONVERSION = YES;
				CLANG_WARN_NON_LITERAL_NULL_CONVERSION = YES;
				CLANG_WARN_OBJC_IMPLICIT_RETAIN_SELF = YES;
				CLANG_WARN_OBJC_LITERAL_CONVERSION = YES;
				CLANG_WARN_OBJC_ROOT_CLASS = YES_ERROR;
				CLANG_WARN_QUOTED_INCLUDE_IN_FRAMEWORK_HEADER = YES;
				CLANG_WARN_RANGE_LOOP_ANALYSIS = YES;
				CLANG_WARN_STRICT_PROTOTYPES = YES;
				CLANG_WARN_SUSPICIOUS_MOVE = YES;
				CLANG_WARN_UNGUARDED_AVAILABILITY = YES_AGGRESSIVE;
				CLANG_WARN_UNREACHABLE_CODE = YES;
				CLANG_WARN__DUPLICATE_METHOD_MATCH = YES;
				COPY_PHASE_STRIP = NO;
				DEBUG_INFORMATION_FORMAT = dwarf;
				ENABLE_STRICT_OBJC_MSGSEND = YES;
				ENABLE_TESTABILITY = YES;
				ENABLE_USER_SCRIPT_SANDBOXING = YES;
				GCC_C_LANGUAGE_STANDARD = gnu17;
				GCC_DYNAMIC_NO_PIC = NO;
				GCC_NO_COMMON_BLOCKS = YES;
				GCC_OPTIMIZATION_LEVEL = 0;
				GCC_PREPROCESSOR_DEFINITIONS = (
					"DEBUG=1",
					"$(inherited)",
				);
				GCC_WARN_64_TO_32_BIT_CONVERSION = YES;
				GCC_WARN_ABOUT_RETURN_TYPE = YES_ERROR;
				GCC_WARN_UNDECLARED_SELECTOR = YES;
				GCC_WARN_UNINITIALIZED_AUTOS = YES_AGGRESSIVE;
				GCC_WARN_UNUSED_FUNCTION = YES;
				GCC_WARN_UNUSED_VARIABLE = YES;
				IPHONEOS_DEPLOYMENT_TARGET = 18.0;
				LOCALIZATION_PREFERS_STRING_CATALOGS = YES;
				MTL_ENABLE_DEBUG_INFO = INCLUDE_SOURCE;
				MTL_FAST_MATH = YES;
				ONLY_ACTIVE_ARCH = YES;
				SDKROOT = iphoneos;
				SWIFT_ACTIVE_COMPILATION_CONDITIONS = "DEBUG $(inherited)";
				SWIFT_OPTIMIZATION_LEVEL = "-Onone";
			};
			name = Debug;
		};
		CFD14EED2DC3D9E900B07D99 /* Release */ = {
			isa = XCBuildConfiguration;
			buildSettings = {
				ALWAYS_SEARCH_USER_PATHS = NO;
				ASSETCATALOG_COMPILER_GENERATE_SWIFT_ASSET_SYMBOL_EXTENSIONS = YES;
				CLANG_ANALYZER_NONNULL = YES;
				CLANG_ANALYZER_NUMBER_OBJECT_CONVERSION = YES_AGGRESSIVE;
				CLANG_CXX_LANGUAGE_STANDARD = "gnu++20";
				CLANG_ENABLE_MODULES = YES;
				CLANG_ENABLE_OBJC_ARC = YES;
				CLANG_ENABLE_OBJC_WEAK = YES;
				CLANG_WARN_BLOCK_CAPTURE_AUTORELEASING = YES;
				CLANG_WARN_BOOL_CONVERSION = YES;
				CLANG_WARN_COMMA = YES;
				CLANG_WARN_CONSTANT_CONVERSION = YES;
				CLANG_WARN_DEPRECATED_OBJC_IMPLEMENTATIONS = YES;
				CLANG_WARN_DIRECT_OBJC_ISA_USAGE = YES_ERROR;
				CLANG_WARN_DOCUMENTATION_COMMENTS = YES;
				CLANG_WARN_EMPTY_BODY = YES;
				CLANG_WARN_ENUM_CONVERSION = YES;
				CLANG_WARN_INFINITE_RECURSION = YES;
				CLANG_WARN_INT_CONVERSION = YES;
				CLANG_WARN_NON_LITERAL_NULL_CONVERSION = YES;
				CLANG_WARN_OBJC_IMPLICIT_RETAIN_SELF = YES;
				CLANG_WARN_OBJC_LITERAL_CONVERSION = YES;
				CLANG_WARN_OBJC_ROOT_CLASS = YES_ERROR;
				CLANG_WARN_QUOTED_INCLUDE_IN_FRAMEWORK_HEADER = YES;
				CLANG_WARN_RANGE_LOOP_ANALYSIS = YES;
				CLANG_WARN_STRICT_PROTOTYPES = YES;
				CLANG_WARN_SUSPICIOUS_MOVE = YES;
				CLANG_WARN_UNGUARDED_AVAILABILITY = YES_AGGRESSIVE;
				CLANG_WARN_UNREACHABLE_CODE = YES;
				CLANG_WARN__DUPLICATE_METHOD_MATCH = YES;
				COPY_PHASE_STRIP = NO;
				DEBUG_INFORMATION_FORMAT = "dwarf-with-dsym";
				ENABLE_NS_ASSERTIONS = NO;
				ENABLE_STRICT_OBJC_MSGSEND = YES;
				ENABLE_USER_SCRIPT_SANDBOXING = YES;
				GCC_C_LANGUAGE_STANDARD = gnu17;
				GCC_NO_COMMON_BLOCKS = YES;
				GCC_WARN_64_TO_32_BIT_CONVERSION = YES;
				GCC_WARN_ABOUT_RETURN_TYPE = YES_ERROR;
				GCC_WARN_UNDECLARED_SELECTOR = YES;
				GCC_WARN_UNINITIALIZED_AUTOS = YES_AGGRESSIVE;
				GCC_WARN_UNUSED_FUNCTION = YES;
				GCC_WARN_UNUSED_VARIABLE = YES;
				IPHONEOS_DEPLOYMENT_TARGET = 18.0;
				LOCALIZATION_PREFERS_STRING_CATALOGS = YES;
				MTL_ENABLE_DEBUG_INFO = NO;
				MTL_FAST_MATH = YES;
				SDKROOT = iphoneos;
				SWIFT_COMPILATION_MODE = wholemodule;
				VALIDATE_PRODUCT = YES;
			};
			name = Release;
		};
		CFD14EEF2DC3D9E900B07D99 /* Debug */ = {
			isa = XCBuildConfiguration;
			buildSettings = {
				BUNDLE_LOADER = "$(TEST_HOST)";
				CODE_SIGN_STYLE = Automatic;
				CURRENT_PROJECT_VERSION = 1;
				DEVELOPMENT_TEAM = L22FNZ3QX3;
				GENERATE_INFOPLIST_FILE = YES;
				IPHONEOS_DEPLOYMENT_TARGET = 18.0;
				MARKETING_VERSION = 1.0;
				PRODUCT_BUNDLE_IDENTIFIER = com.sunmi.demo.CiCDTestingTests;
				PRODUCT_NAME = "$(TARGET_NAME)";
				SWIFT_EMIT_LOC_STRINGS = NO;
				SWIFT_VERSION = 5.0;
				TARGETED_DEVICE_FAMILY = "1,2";
				TEST_HOST = "$(BUILT_PRODUCTS_DIR)/CiCDTesting.app/$(BUNDLE_EXECUTABLE_FOLDER_PATH)/CiCDTesting";
			};
			name = Debug;
		};
		CFD14EF02DC3D9E900B07D99 /* Release */ = {
			isa = XCBuildConfiguration;
			buildSettings = {
				BUNDLE_LOADER = "$(TEST_HOST)";
				CODE_SIGN_STYLE = Automatic;
				CURRENT_PROJECT_VERSION = 1;
				DEVELOPMENT_TEAM = L22FNZ3QX3;
				GENERATE_INFOPLIST_FILE = YES;
				IPHONEOS_DEPLOYMENT_TARGET = 18.0;
				MARKETING_VERSION = 1.0;
				PRODUCT_BUNDLE_IDENTIFIER = com.sunmi.demo.CiCDTestingTests;
				PRODUCT_NAME = "$(TARGET_NAME)";
				SWIFT_EMIT_LOC_STRINGS = NO;
				SWIFT_VERSION = 5.0;
				TARGETED_DEVICE_FAMILY = "1,2";
				TEST_HOST = "$(BUILT_PRODUCTS_DIR)/CiCDTesting.app/$(BUNDLE_EXECUTABLE_FOLDER_PATH)/CiCDTesting";
			};
			name = Release;
		};
		CFD14EF22DC3D9E900B07D99 /* Debug */ = {
			isa = XCBuildConfiguration;
			buildSettings = {
				CODE_SIGN_STYLE = Automatic;
				CURRENT_PROJECT_VERSION = 1;
				DEVELOPMENT_TEAM = L22FNZ3QX3;
				GENERATE_INFOPLIST_FILE = YES;
				MARKETING_VERSION = 1.0;
				PRODUCT_BUNDLE_IDENTIFIER = com.sunmi.demo.CiCDTestingUITests;
				PRODUCT_NAME = "$(TARGET_NAME)";
				SWIFT_EMIT_LOC_STRINGS = NO;
				SWIFT_VERSION = 5.0;
				TARGETED_DEVICE_FAMILY = "1,2";
				TEST_TARGET_NAME = CiCDTesting;
			};
			name = Debug;
		};
		CFD14EF32DC3D9E900B07D99 /* Release */ = {
			isa = XCBuildConfiguration;
			buildSettings = {
				CODE_SIGN_STYLE = Automatic;
				CURRENT_PROJECT_VERSION = 1;
				DEVELOPMENT_TEAM = L22FNZ3QX3;
				GENERATE_INFOPLIST_FILE = YES;
				MARKETING_VERSION = 1.0;
				PRODUCT_BUNDLE_IDENTIFIER = com.sunmi.demo.CiCDTestingUITests;
				PRODUCT_NAME = "$(TARGET_NAME)";
				SWIFT_EMIT_LOC_STRINGS = NO;
				SWIFT_VERSION = 5.0;
				TARGETED_DEVICE_FAMILY = "1,2";
				TEST_TARGET_NAME = CiCDTesting;
			};
			name = Release;
		};
/* End XCBuildConfiguration section */

/* Begin XCConfigurationList section */
		CFD14EBB2DC3D9E600B07D99 /* Build configuration list for PBXProject "CiCDTesting" */ = {
			isa = XCConfigurationList;
			buildConfigurations = (
				CFD14EEC2DC3D9E900B07D99 /* Debug */,
				CFD14EED2DC3D9E900B07D99 /* Release */,
			);
			defaultConfigurationIsVisible = 0;
			defaultConfigurationName = Release;
		};
		CFD14EE92DC3D9E900B07D99 /* Build configuration list for PBXNativeTarget "CiCDTesting" */ = {
			isa = XCConfigurationList;
			buildConfigurations = (
				CFD14EEA2DC3D9E900B07D99 /* Debug */,
				CFD14EEB2DC3D9E900B07D99 /* Release */,
			);
			defaultConfigurationIsVisible = 0;
			defaultConfigurationName = Release;
		};
		CFD14EEE2DC3D9E900B07D99 /* Build configuration list for PBXNativeTarget "CiCDTestingTests" */ = {
			isa = XCConfigurationList;
			buildConfigurations = (
				CFD14EEF2DC3D9E900B07D99 /* Debug */,
				CFD14EF02DC3D9E900B07D99 /* Release */,
			);
			defaultConfigurationIsVisible = 0;
			defaultConfigurationName = Release;
		};
		CFD14EF12DC3D9E900B07D99 /* Build configuration list for PBXNativeTarget "CiCDTestingUITests" */ = {
			isa = XCConfigurationList;
			buildConfigurations = (
				CFD14EF22DC3D9E900B07D99 /* Debug */,
				CFD14EF32DC3D9E900B07D99 /* Release */,
			);
			defaultConfigurationIsVisible = 0;
			defaultConfigurationName = Release;
		};
/* End XCConfigurationList section */
	};
	rootObject = CFD14EB82DC3D9E600B07D99 /* Project object */;
}
